{
  "requires": true,
  "lockfileVersion": 1,
  "dependencies": {
    "typeface-reem-kufi": {
      "version": "0.0.65",
      "resolved": "https://registry.npmjs.org/typeface-reem-kufi/-/typeface-reem-kufi-0.0.65.tgz",
      "integrity": "sha512-zW2BqCCouJTV2MoOdvrQH8UcRBGuiztVOgbSSN5kDqdnGJmqYQxDPW95ZhpyFG4F41tjoSrlahUK2d1mFCIZkA=="
    }
  }
}
